
Microsoft Visual Studio Solution File, Format Version 12.00
# Visual Studio 14
VisualStudioVersion = 14.0.25420.1
MinimumVisualStudioVersion = 10.0.40219.1
Project("{E24C65DC-7377-472B-9ABA-BC803B73C61A}") = "OrthoTooth", "E:\ToothSegmentation\code\OrthoTooth\", "{6AB4A7E4-FEBC-4459-BC94-218DF2AE6196}"
	ProjectSection(WebsiteProperties) = preProject
		TargetFrameworkMoniker = ".NETFramework,Version%3Dv4.5.2"
		Debug.AspNetCompiler.VirtualPath = "/localhost_49975"
		Debug.AspNetCompiler.PhysicalPath = "E:\ToothSegmentation\code\OrthoTooth\"
		Debug.AspNetCompiler.TargetPath = "PrecompiledWeb\localhost_49975\"
		Debug.AspNetCompiler.Updateable = "true"
		Debug.AspNetCompiler.ForceOverwrite = "true"
		Debug.AspNetCompiler.FixedNames = "false"
		Debug.AspNetCompiler.Debug = "True"
		Release.AspNetCompiler.VirtualPath = "/localhost_49975"
		Release.AspNetCompiler.PhysicalPath = "E:\ToothSegmentation\code\OrthoTooth\"
		Release.AspNetCompiler.TargetPath = "PrecompiledWeb\localhost_49975\"
		Release.AspNetCompiler.Updateable = "true"
		Release.AspNetCompiler.ForceOverwrite = "true"
		Release.AspNetCompiler.FixedNames = "false"
		Release.AspNetCompiler.Debug = "False"
		VWDPort = "49975"
		SlnRelativePath = "E:\ToothSegmentation\code\OrthoTooth\"
		DefaultWebSiteLanguage = "Visual C#"
	EndProjectSection
EndProject
Global
	GlobalSection(SolutionConfigurationPlatforms) = preSolution
		Debug|Any CPU = Debug|Any CPU
	EndGlobalSection
	GlobalSection(ProjectConfigurationPlatforms) = postSolution
		{6AB4A7E4-FEBC-4459-BC94-218DF2AE6196}.Debug|Any CPU.ActiveCfg = Debug|Any CPU
		{6AB4A7E4-FEBC-4459-BC94-218DF2AE6196}.Debug|Any CPU.Build.0 = Debug|Any CPU
	EndGlobalSection
	GlobalSection(SolutionProperties) = preSolution
		HideSolutionNode = FALSE
	EndGlobalSection
EndGlobal
